
Microsoft Visual Studio Solution File, Format Version 12.00
# Visual Studio 15
VisualStudioVersion = 15.0.27703.2042
MinimumVisualStudioVersion = 10.0.40219.1
Project("{FAE04EC0-301F-11D3-BF4B-00C04F79EFBC}") = "bootcamp", "bootcamp\bootcamp.csproj", "{96706FE0-8576-41D7-93B2-59B0734F3348}"
EndProject
Global
	GlobalSection(SolutionConfigurationPlatforms) = preSolution
		Debug|Any CPU = Debug|Any CPU
		Release|Any CPU = Release|Any CPU
	EndGlobalSection
	GlobalSection(ProjectConfigurationPlatforms) = postSolution
		{96706FE0-8576-41D7-93B2-59B0734F3348}.Debug|Any CPU.ActiveCfg = Debug|Any CPU
		{96706FE0-8576-41D7-93B2-59B0734F3348}.Debug|Any CPU.Build.0 = Debug|Any CPU
		{96706FE0-8576-41D7-93B2-59B0734F3348}.Release|Any CPU.ActiveCfg = Release|Any CPU
		{96706FE0-8576-41D7-93B2-59B0734F3348}.Release|Any CPU.Build.0 = Release|Any CPU
	EndGlobalSection
	GlobalSection(SolutionProperties) = preSolution
		HideSolutionNode = FALSE
	EndGlobalSection
	GlobalSection(ExtensibilityGlobals) = postSolution
		SolutionGuid = {0571AAB1-3B06-4033-8A58-19E5B5C54C58}
	EndGlobalSection
EndGlobal
